// !$*UTF8*$!
{
	archiveVersion = 1;
	classes = {
	};
	objectVersion = 52;
	objects = {

/* Begin PBXBuildFile section */
		4229541A2538E848001A9678 /* MainTabViewController.swift in Sources */ = {isa = PBXBuildFile; fileRef = 422954192538E848001A9678 /* MainTabViewController.swift */; };
		422954222538EA1F001A9678 /* ChargingView.swift in Sources */ = {isa = PBXBuildFile; fileRef = 422954212538EA1F001A9678 /* ChargingView.swift */; };
		424F2B20254357F100CDEE38 /* CarData.swift in Sources */ = {isa = PBXBuildFile; fileRef = 424F2B1F254357EF00CDEE38 /* CarData.swift */; };
		424F2B242543810F00CDEE38 /* CustomAlert.swift in Sources */ = {isa = PBXBuildFile; fileRef = 424F2B232543810F00CDEE38 /* CustomAlert.swift */; };
		424F2B2D2544AA4E00CDEE38 /* ChargerDetailView.swift in Sources */ = {isa = PBXBuildFile; fileRef = 424F2B2C2544AA4E00CDEE38 /* ChargerDetailView.swift */; };
		424F2B3F25478F2400CDEE38 /* StatsView.swift in Sources */ = {isa = PBXBuildFile; fileRef = 424F2B3E25478F2400CDEE38 /* StatsView.swift */; };
		42789FF92537B089007A7198 /* ChooseVehicle.swift in Sources */ = {isa = PBXBuildFile; fileRef = 42789FF82537B089007A7198 /* ChooseVehicle.swift */; };
		42B65C10253CC4B800ABC9C9 /* CustomSlider.swift in Sources */ = {isa = PBXBuildFile; fileRef = 42B65C0F253CC4B800ABC9C9 /* CustomSlider.swift */; };
		42B65C13253CD80000ABC9C9 /* ControlsView.swift in Sources */ = {isa = PBXBuildFile; fileRef = 42B65C12253CD80000ABC9C9 /* ControlsView.swift */; };
		42B65C17253D0D8700ABC9C9 /* BatteryProgressView.swift in Sources */ = {isa = PBXBuildFile; fileRef = 42B65C16253D0D8700ABC9C9 /* BatteryProgressView.swift */; };
		42B65C1C253E2DEF00ABC9C9 /* Bars.swift in Sources */ = {isa = PBXBuildFile; fileRef = 42B65C1B253E2DEE00ABC9C9 /* Bars.swift */; };
		42B92855254E47D500BE6FBF /* SettingView.swift in Sources */ = {isa = PBXBuildFile; fileRef = 42B92854254E47D500BE6FBF /* SettingView.swift */; };
		42C0D09A25379E1300CC843F /* AppDelegate.swift in Sources */ = {isa = PBXBuildFile; fileRef = 42C0D09925379E1300CC843F /* AppDelegate.swift */; };
		42C0D09C25379E1300CC843F /* SceneDelegate.swift in Sources */ = {isa = PBXBuildFile; fileRef = 42C0D09B25379E1300CC843F /* SceneDelegate.swift */; };
		42C0D09E25379E1300CC843F /* ContentView.swift in Sources */ = {isa = PBXBuildFile; fileRef = 42C0D09D25379E1300CC843F /* ContentView.swift */; };
		42C0D0A025379E1700CC843F /* Assets.xcassets in Resources */ = {isa = PBXBuildFile; fileRef = 42C0D09F25379E1700CC843F /* Assets.xcassets */; };
		42C0D0A325379E1700CC843F /* Preview Assets.xcassets in Resources */ = {isa = PBXBuildFile; fileRef = 42C0D0A225379E1700CC843F /* Preview Assets.xcassets */; };
		42C0D0A625379E1700CC843F /* LaunchScreen.storyboard in Resources */ = {isa = PBXBuildFile; fileRef = 42C0D0A425379E1700CC843F /* LaunchScreen.storyboard */; };
		42C0D0B32537ABBC00CC843F /* LoginView.swift in Sources */ = {isa = PBXBuildFile; fileRef = 42C0D0B22537ABBC00CC843F /* LoginView.swift */; };
		42FE1AE72548F95D000CBE74 /* CarDataModel.xcdatamodeld in Sources */ = {isa = PBXBuildFile; fileRef = 42FE1AE52548F95D000CBE74 /* CarDataModel.xcdatamodeld */; };
		42FE1AF12548FDAE000CBE74 /* CarDataEntry+CoreDataClass.swift in Sources */ = {isa = PBXBuildFile; fileRef = 42FE1AEF2548FDAE000CBE74 /* CarDataEntry+CoreDataClass.swift */; };
		42FE1AF22548FDAE000CBE74 /* CarDataEntry+CoreDataProperties.swift in Sources */ = {isa = PBXBuildFile; fileRef = 42FE1AF02548FDAE000CBE74 /* CarDataEntry+CoreDataProperties.swift */; };
		42FE1AF6254A00CF000CBE74 /* SwiftUICharts in Frameworks */ = {isa = PBXBuildFile; productRef = 42FE1AF5254A00CF000CBE74 /* SwiftUICharts */; };
		6AC52C447EB02B2977571954 /* Pods_TeslaHelper.framework in Frameworks */ = {isa = PBXBuildFile; fileRef = B7F8685DF7C56BBC18C1DA39 /* Pods_TeslaHelper.framework */; };
/* End PBXBuildFile section */

/* Begin PBXFileReference section */
		422954192538E848001A9678 /* MainTabViewController.swift */ = {isa = PBXFileReference; lastKnownFileType = sourcecode.swift; path = MainTabViewController.swift; sourceTree = "<group>"; };
		422954212538EA1F001A9678 /* ChargingView.swift */ = {isa = PBXFileReference; lastKnownFileType = sourcecode.swift; path = ChargingView.swift; sourceTree = "<group>"; };
		424F2B1F254357EF00CDEE38 /* CarData.swift */ = {isa = PBXFileReference; lastKnownFileType = sourcecode.swift; path = CarData.swift; sourceTree = "<group>"; };
		424F2B232543810F00CDEE38 /* CustomAlert.swift */ = {isa = PBXFileReference; lastKnownFileType = sourcecode.swift; path = CustomAlert.swift; sourceTree = "<group>"; };
		424F2B2C2544AA4E00CDEE38 /* ChargerDetailView.swift */ = {isa = PBXFileReference; lastKnownFileType = sourcecode.swift; path = ChargerDetailView.swift; sourceTree = "<group>"; };
		424F2B3E25478F2400CDEE38 /* StatsView.swift */ = {isa = PBXFileReference; lastKnownFileType = sourcecode.swift; path = StatsView.swift; sourceTree = "<group>"; };
		424F2B47254791E700CDEE38 /* CustomAlert.swift */ = {isa = PBXFileReference; lastKnownFileType = sourcecode.swift; path = CustomAlert.swift; sourceTree = "<group>"; };
		42789FF82537B089007A7198 /* ChooseVehicle.swift */ = {isa = PBXFileReference; lastKnownFileType = sourcecode.swift; path = ChooseVehicle.swift; sourceTree = "<group>"; };
		42B65C0F253CC4B800ABC9C9 /* CustomSlider.swift */ = {isa = PBXFileReference; lastKnownFileType = sourcecode.swift; path = CustomSlider.swift; sourceTree = "<group>"; };
		42B65C12253CD80000ABC9C9 /* ControlsView.swift */ = {isa = PBXFileReference; lastKnownFileType = sourcecode.swift; path = ControlsView.swift; sourceTree = "<group>"; };
		42B65C16253D0D8700ABC9C9 /* BatteryProgressView.swift */ = {isa = PBXFileReference; lastKnownFileType = sourcecode.swift; path = BatteryProgressView.swift; sourceTree = "<group>"; };
		42B65C1B253E2DEE00ABC9C9 /* Bars.swift */ = {isa = PBXFileReference; lastKnownFileType = sourcecode.swift; path = Bars.swift; sourceTree = "<group>"; };
		42B92854254E47D500BE6FBF /* SettingView.swift */ = {isa = PBXFileReference; lastKnownFileType = sourcecode.swift; path = SettingView.swift; sourceTree = SOURCE_ROOT; };
		42C0D09625379E1300CC843F /* TeslaHelper.app */ = {isa = PBXFileReference; explicitFileType = wrapper.application; includeInIndex = 0; path = TeslaHelper.app; sourceTree = BUILT_PRODUCTS_DIR; };
		42C0D09925379E1300CC843F /* AppDelegate.swift */ = {isa = PBXFileReference; lastKnownFileType = sourcecode.swift; path = AppDelegate.swift; sourceTree = "<group>"; };
		42C0D09B25379E1300CC843F /* SceneDelegate.swift */ = {isa = PBXFileReference; lastKnownFileType = sourcecode.swift; path = SceneDelegate.swift; sourceTree = "<group>"; };
		42C0D09D25379E1300CC843F /* ContentView.swift */ = {isa = PBXFileReference; lastKnownFileType = sourcecode.swift; path = ContentView.swift; sourceTree = "<group>"; };
		42C0D09F25379E1700CC843F /* Assets.xcassets */ = {isa = PBXFileReference; lastKnownFileType = folder.assetcatalog; path = Assets.xcassets; sourceTree = "<group>"; };
		42C0D0A225379E1700CC843F /* Preview Assets.xcassets */ = {isa = PBXFileReference; lastKnownFileType = folder.assetcatalog; path = "Preview Assets.xcassets"; sourceTree = "<group>"; };
		42C0D0A525379E1700CC843F /* Base */ = {isa = PBXFileReference; lastKnownFileType = file.storyboard; name = Base; path = Base.lproj/LaunchScreen.storyboard; sourceTree = "<group>"; };
		42C0D0A725379E1700CC843F /* Info.plist */ = {isa = PBXFileReference; lastKnownFileType = text.plist.xml; path = Info.plist; sourceTree = "<group>"; };
		42C0D0B22537ABBC00CC843F /* LoginView.swift */ = {isa = PBXFileReference; lastKnownFileType = sourcecode.swift; path = LoginView.swift; sourceTree = "<group>"; };
		42FE1AE62548F95D000CBE74 /* CarDataModel.xcdatamodel */ = {isa = PBXFileReference; lastKnownFileType = wrapper.xcdatamodel; path = CarDataModel.xcdatamodel; sourceTree = "<group>"; };
		42FE1AEF2548FDAE000CBE74 /* CarDataEntry+CoreDataClass.swift */ = {isa = PBXFileReference; lastKnownFileType = sourcecode.swift; path = "CarDataEntry+CoreDataClass.swift"; sourceTree = "<group>"; };
		42FE1AF02548FDAE000CBE74 /* CarDataEntry+CoreDataProperties.swift */ = {isa = PBXFileReference; lastKnownFileType = sourcecode.swift; path = "CarDataEntry+CoreDataProperties.swift"; sourceTree = "<group>"; };
		42FE1AFC254A26C6000CBE74 /* ChartView */ = {isa = PBXFileReference; lastKnownFileType = folder; name = ChartView; path = ../ChartView; sourceTree = "<group>"; };
		B5892C79037DFC96474B24D6 /* Pods-TeslaHelper.debug.xcconfig */ = {isa = PBXFileReference; includeInIndex = 1; lastKnownFileType = text.xcconfig; name = "Pods-TeslaHelper.debug.xcconfig"; path = "Target Support Files/Pods-TeslaHelper/Pods-TeslaHelper.debug.xcconfig"; sourceTree = "<group>"; };
		B7F8685DF7C56BBC18C1DA39 /* Pods_TeslaHelper.framework */ = {isa = PBXFileReference; explicitFileType = wrapper.framework; includeInIndex = 0; path = Pods_TeslaHelper.framework; sourceTree = BUILT_PRODUCTS_DIR; };
		F91A352B523489367888FED7 /* Pods-TeslaHelper.release.xcconfig */ = {isa = PBXFileReference; includeInIndex = 1; lastKnownFileType = text.xcconfig; name = "Pods-TeslaHelper.release.xcconfig"; path = "Target Support Files/Pods-TeslaHelper/Pods-TeslaHelper.release.xcconfig"; sourceTree = "<group>"; };
/* End PBXFileReference section */

/* Begin PBXFrameworksBuildPhase section */
		42C0D09325379E1300CC843F /* Frameworks */ = {
			isa = PBXFrameworksBuildPhase;
			buildActionMask = 2147483647;
			files = (
				6AC52C447EB02B2977571954 /* Pods_TeslaHelper.framework in Frameworks */,
				42FE1AF6254A00CF000CBE74 /* SwiftUICharts in Frameworks */,
			);
			runOnlyForDeploymentPostprocessing = 0;
		};
/* End PBXFrameworksBuildPhase section */

/* Begin PBXGroup section */
		42C0D08D25379E1300CC843F = {
			isa = PBXGroup;
			children = (
				42FE1AFC254A26C6000CBE74 /* ChartView */,
				42C0D09825379E1300CC843F /* TeslaHelper */,
				42C0D09725379E1300CC843F /* Products */,
				FBA7E106CA0A2AA08336F878 /* Pods */,
				8E0DB9CDAD347BFE406B3A1E /* Frameworks */,
			);
			sourceTree = "<group>";
		};
		42C0D09725379E1300CC843F /* Products */ = {
			isa = PBXGroup;
			children = (
				42C0D09625379E1300CC843F /* TeslaHelper.app */,
			);
			name = Products;
			sourceTree = "<group>";
		};
		42C0D09825379E1300CC843F /* TeslaHelper */ = {
			isa = PBXGroup;
			children = (
				42FE1AEF2548FDAE000CBE74 /* CarDataEntry+CoreDataClass.swift */,
				42FE1AF02548FDAE000CBE74 /* CarDataEntry+CoreDataProperties.swift */,
				42C0D09925379E1300CC843F /* AppDelegate.swift */,
				42C0D09B25379E1300CC843F /* SceneDelegate.swift */,
				42B65C16253D0D8700ABC9C9 /* BatteryProgressView.swift */,
				424F2B47254791E700CDEE38 /* CustomAlert.swift */,
				42B65C1B253E2DEE00ABC9C9 /* Bars.swift */,
				42B65C0F253CC4B800ABC9C9 /* CustomSlider.swift */,
				424F2B232543810F00CDEE38 /* CustomAlert.swift */,
				42C0D09D25379E1300CC843F /* ContentView.swift */,
				42C0D0B22537ABBC00CC843F /* LoginView.swift */,
				42789FF82537B089007A7198 /* ChooseVehicle.swift */,
				424F2B2C2544AA4E00CDEE38 /* ChargerDetailView.swift */,
				422954192538E848001A9678 /* MainTabViewController.swift */,
				424F2B3E25478F2400CDEE38 /* StatsView.swift */,
				42B92854254E47D500BE6FBF /* SettingView.swift */,
				424F2B1F254357EF00CDEE38 /* CarData.swift */,
				422954212538EA1F001A9678 /* ChargingView.swift */,
				42B65C12253CD80000ABC9C9 /* ControlsView.swift */,
				42FE1AE52548F95D000CBE74 /* CarDataModel.xcdatamodeld */,
				42C0D09F25379E1700CC843F /* Assets.xcassets */,
				42C0D0A425379E1700CC843F /* LaunchScreen.storyboard */,
				42C0D0A725379E1700CC843F /* Info.plist */,
				42C0D0A125379E1700CC843F /* Preview Content */,
			);
			path = TeslaHelper;
			sourceTree = "<group>";
		};
		42C0D0A125379E1700CC843F /* Preview Content */ = {
			isa = PBXGroup;
			children = (
				42C0D0A225379E1700CC843F /* Preview Assets.xcassets */,
			);
			path = "Preview Content";
			sourceTree = "<group>";
		};
		8E0DB9CDAD347BFE406B3A1E /* Frameworks */ = {
			isa = PBXGroup;
			children = (
				B7F8685DF7C56BBC18C1DA39 /* Pods_TeslaHelper.framework */,
			);
			name = Frameworks;
			sourceTree = "<group>";
		};
		FBA7E106CA0A2AA08336F878 /* Pods */ = {
			isa = PBXGroup;
			children = (
				B5892C79037DFC96474B24D6 /* Pods-TeslaHelper.debug.xcconfig */,
				F91A352B523489367888FED7 /* Pods-TeslaHelper.release.xcconfig */,
			);
			path = Pods;
			sourceTree = "<group>";
		};
/* End PBXGroup section */

/* Begin PBXNativeTarget section */
		42C0D09525379E1300CC843F /* TeslaHelper */ = {
			isa = PBXNativeTarget;
			buildConfigurationList = 42C0D0AA25379E1700CC843F /* Build configuration list for PBXNativeTarget "TeslaHelper" */;
			buildPhases = (
				A55EB1569017EE147C20592F /* [CP] Check Pods Manifest.lock */,
				42C0D09225379E1300CC843F /* Sources */,
				42C0D09325379E1300CC843F /* Frameworks */,
				42C0D09425379E1300CC843F /* Resources */,
				825ACEA9C78A4D254B72457D /* [CP] Embed Pods Frameworks */,
			);
			buildRules = (
			);
			dependencies = (
			);
			name = TeslaHelper;
			packageProductDependencies = (
				42FE1AF5254A00CF000CBE74 /* SwiftUICharts */,
			);
			productName = TeslaHelper;
			productReference = 42C0D09625379E1300CC843F /* TeslaHelper.app */;
			productType = "com.apple.product-type.application";
		};
/* End PBXNativeTarget section */

/* Begin PBXProject section */
		42C0D08E25379E1300CC843F /* Project object */ = {
			isa = PBXProject;
			attributes = {
				LastSwiftUpdateCheck = 1200;
				LastUpgradeCheck = 1200;
				TargetAttributes = {
					42C0D09525379E1300CC843F = {
						CreatedOnToolsVersion = 12.0.1;
					};
				};
			};
			buildConfigurationList = 42C0D09125379E1300CC843F /* Build configuration list for PBXProject "TeslaHelper" */;
			compatibilityVersion = "Xcode 9.3";
			developmentRegion = en;
			hasScannedForEncodings = 0;
			knownRegions = (
				en,
				Base,
			);
			mainGroup = 42C0D08D25379E1300CC843F;
			packageReferences = (
				42FE1AF4254A00CF000CBE74 /* XCRemoteSwiftPackageReference "ChartView" */,
			);
			productRefGroup = 42C0D09725379E1300CC843F /* Products */;
			projectDirPath = "";
			projectRoot = "";
			targets = (
				42C0D09525379E1300CC843F /* TeslaHelper */,
			);
		};
/* End PBXProject section */

/* Begin PBXResourcesBuildPhase section */
		42C0D09425379E1300CC843F /* Resources */ = {
			isa = PBXResourcesBuildPhase;
			buildActionMask = 2147483647;
			files = (
				42C0D0A625379E1700CC843F /* LaunchScreen.storyboard in Resources */,
				42C0D0A325379E1700CC843F /* Preview Assets.xcassets in Resources */,
				42C0D0A025379E1700CC843F /* Assets.xcassets in Resources */,
			);
			runOnlyForDeploymentPostprocessing = 0;
		};
/* End PBXResourcesBuildPhase section */

/* Begin PBXShellScriptBuildPhase section */
		825ACEA9C78A4D254B72457D /* [CP] Embed Pods Frameworks */ = {
			isa = PBXShellScriptBuildPhase;
			buildActionMask = 2147483647;
			files = (
			);
			inputFileListPaths = (
				"${PODS_ROOT}/Target Support Files/Pods-TeslaHelper/Pods-TeslaHelper-frameworks-${CONFIGURATION}-input-files.xcfilelist",
			);
			name = "[CP] Embed Pods Frameworks";
			outputFileListPaths = (
				"${PODS_ROOT}/Target Support Files/Pods-TeslaHelper/Pods-TeslaHelper-frameworks-${CONFIGURATION}-output-files.xcfilelist",
			);
			runOnlyForDeploymentPostprocessing = 0;
			shellPath = /bin/sh;
			shellScript = "\"${PODS_ROOT}/Target Support Files/Pods-TeslaHelper/Pods-TeslaHelper-frameworks.sh\"\n";
			showEnvVarsInLog = 0;
		};
		A55EB1569017EE147C20592F /* [CP] Check Pods Manifest.lock */ = {
			isa = PBXShellScriptBuildPhase;
			buildActionMask = 2147483647;
			files = (
			);
			inputFileListPaths = (
			);
			inputPaths = (
				"${PODS_PODFILE_DIR_PATH}/Podfile.lock",
				"${PODS_ROOT}/Manifest.lock",
			);
			name = "[CP] Check Pods Manifest.lock";
			outputFileListPaths = (
			);
			outputPaths = (
				"$(DERIVED_FILE_DIR)/Pods-TeslaHelper-checkManifestLockResult.txt",
			);
			runOnlyForDeploymentPostprocessing = 0;
			shellPath = /bin/sh;
			shellScript = "diff \"${PODS_PODFILE_DIR_PATH}/Podfile.lock\" \"${PODS_ROOT}/Manifest.lock\" > /dev/null\nif [ $? != 0 ] ; then\n    # print error to STDERR\n    echo \"error: The sandbox is not in sync with the Podfile.lock. Run 'pod install' or update your CocoaPods installation.\" >&2\n    exit 1\nfi\n# This output is used by Xcode 'outputs' to avoid re-running this script phase.\necho \"SUCCESS\" > \"${SCRIPT_OUTPUT_FILE_0}\"\n";
			showEnvVarsInLog = 0;
		};
/* End PBXShellScriptBuildPhase section */

/* Begin PBXSourcesBuildPhase section */
		42C0D09225379E1300CC843F /* Sources */ = {
			isa = PBXSourcesBuildPhase;
			buildActionMask = 2147483647;
			files = (
				424F2B2D2544AA4E00CDEE38 /* ChargerDetailView.swift in Sources */,
				42B92855254E47D500BE6FBF /* SettingView.swift in Sources */,
				42789FF92537B089007A7198 /* ChooseVehicle.swift in Sources */,
				42B65C13253CD80000ABC9C9 /* ControlsView.swift in Sources */,
				42C0D09A25379E1300CC843F /* AppDelegate.swift in Sources */,
				42FE1AF22548FDAE000CBE74 /* CarDataEntry+CoreDataProperties.swift in Sources */,
				42C0D09C25379E1300CC843F /* SceneDelegate.swift in Sources */,
				42B65C10253CC4B800ABC9C9 /* CustomSlider.swift in Sources */,
				422954222538EA1F001A9678 /* ChargingView.swift in Sources */,
				42C0D0B32537ABBC00CC843F /* LoginView.swift in Sources */,
				42FE1AE72548F95D000CBE74 /* CarDataModel.xcdatamodeld in Sources */,
				42C0D09E25379E1300CC843F /* ContentView.swift in Sources */,
				424F2B20254357F100CDEE38 /* CarData.swift in Sources */,
				4229541A2538E848001A9678 /* MainTabViewController.swift in Sources */,
				424F2B3F25478F2400CDEE38 /* StatsView.swift in Sources */,
				424F2B242543810F00CDEE38 /* CustomAlert.swift in Sources */,
				42B65C1C253E2DEF00ABC9C9 /* Bars.swift in Sources */,
				42B65C17253D0D8700ABC9C9 /* BatteryProgressView.swift in Sources */,
				42FE1AF12548FDAE000CBE74 /* CarDataEntry+CoreDataClass.swift in Sources */,
			);
			runOnlyForDeploymentPostprocessing = 0;
		};
/* End PBXSourcesBuildPhase section */

/* Begin PBXVariantGroup section */
		42C0D0A425379E1700CC843F /* LaunchScreen.storyboard */ = {
			isa = PBXVariantGroup;
			children = (
				42C0D0A525379E1700CC843F /* Base */,
			);
			name = LaunchScreen.storyboard;
			sourceTree = "<group>";
		};
/* End PBXVariantGroup section */

/* Begin XCBuildConfiguration section */
		42C0D0A825379E1700CC843F /* Debug */ = {
			isa = XCBuildConfiguration;
			buildSettings = {
				ALWAYS_SEARCH_USER_PATHS = NO;
				CLANG_ANALYZER_NONNULL = YES;
				CLANG_ANALYZER_NUMBER_OBJECT_CONVERSION = YES_AGGRESSIVE;
				CLANG_CXX_LANGUAGE_STANDARD = "gnu++14";
				CLANG_CXX_LIBRARY = "libc++";
				CLANG_ENABLE_MODULES = YES;
				CLANG_ENABLE_OBJC_ARC = YES;
				CLANG_ENABLE_OBJC_WEAK = YES;
				CLANG_WARN_BLOCK_CAPTURE_AUTORELEASING = YES;
				CLANG_WARN_BOOL_CONVERSION = YES;
				CLANG_WARN_COMMA = YES;
				CLANG_WARN_CONSTANT_CONVERSION = YES;
				CLANG_WARN_DEPRECATED_OBJC_IMPLEMENTATIONS = YES;
				CLANG_WARN_DIRECT_OBJC_ISA_USAGE = YES_ERROR;
				CLANG_WARN_DOCUMENTATION_COMMENTS = YES;
				CLANG_WARN_EMPTY_BODY = YES;
				CLANG_WARN_ENUM_CONVERSION = YES;
				CLANG_WARN_INFINITE_RECURSION = YES;
				CLANG_WARN_INT_CONVERSION = YES;
				CLANG_WARN_NON_LITERAL_NULL_CONVERSION = YES;
				CLANG_WARN_OBJC_IMPLICIT_RETAIN_SELF = YES;
				CLANG_WARN_OBJC_LITERAL_CONVERSION = YES;
				CLANG_WARN_OBJC_ROOT_CLASS = YES_ERROR;
				CLANG_WARN_QUOTED_INCLUDE_IN_FRAMEWORK_HEADER = YES;
				CLANG_WARN_RANGE_LOOP_ANALYSIS = YES;
				CLANG_WARN_STRICT_PROTOTYPES = YES;
				CLANG_WARN_SUSPICIOUS_MOVE = YES;
				CLANG_WARN_UNGUARDED_AVAILABILITY = YES_AGGRESSIVE;
				CLANG_WARN_UNREACHABLE_CODE = YES;
				CLANG_WARN__DUPLICATE_METHOD_MATCH = YES;
				COPY_PHASE_STRIP = NO;
				DEBUG_INFORMATION_FORMAT = dwarf;
				ENABLE_STRICT_OBJC_MSGSEND = YES;
				ENABLE_TESTABILITY = YES;
				GCC_C_LANGUAGE_STANDARD = gnu11;
				GCC_DYNAMIC_NO_PIC = NO;
				GCC_NO_COMMON_BLOCKS = YES;
				GCC_OPTIMIZATION_LEVEL = 0;
				GCC_PREPROCESSOR_DEFINITIONS = (
					"DEBUG=1",
					"$(inherited)",
				);
				GCC_WARN_64_TO_32_BIT_CONVERSION = YES;
				GCC_WARN_ABOUT_RETURN_TYPE = YES_ERROR;
				GCC_WARN_UNDECLARED_SELECTOR = YES;
				GCC_WARN_UNINITIALIZED_AUTOS = YES_AGGRESSIVE;
				GCC_WARN_UNUSED_FUNCTION = YES;
				GCC_WARN_UNUSED_VARIABLE = YES;
				IPHONEOS_DEPLOYMENT_TARGET = 14.0;
				MTL_ENABLE_DEBUG_INFO = INCLUDE_SOURCE;
				MTL_FAST_MATH = YES;
				ONLY_ACTIVE_ARCH = YES;
				SDKROOT = iphoneos;
				SWIFT_ACTIVE_COMPILATION_CONDITIONS = DEBUG;
				SWIFT_OPTIMIZATION_LEVEL = "-Onone";
			};
			name = Debug;
		};
		42C0D0A925379E1700CC843F /* Release */ = {
			isa = XCBuildConfiguration;
			buildSettings = {
				ALWAYS_SEARCH_USER_PATHS = NO;
				CLANG_ANALYZER_NONNULL = YES;
				CLANG_ANALYZER_NUMBER_OBJECT_CONVERSION = YES_AGGRESSIVE;
				CLANG_CXX_LANGUAGE_STANDARD = "gnu++14";
				CLANG_CXX_LIBRARY = "libc++";
				CLANG_ENABLE_MODULES = YES;
				CLANG_ENABLE_OBJC_ARC = YES;
				CLANG_ENABLE_OBJC_WEAK = YES;
				CLANG_WARN_BLOCK_CAPTURE_AUTORELEASING = YES;
				CLANG_WARN_BOOL_CONVERSION = YES;
				CLANG_WARN_COMMA = YES;
				CLANG_WARN_CONSTANT_CONVERSION = YES;
				CLANG_WARN_DEPRECATED_OBJC_IMPLEMENTATIONS = YES;
				CLANG_WARN_DIRECT_OBJC_ISA_USAGE = YES_ERROR;
				CLANG_WARN_DOCUMENTATION_COMMENTS = YES;
				CLANG_WARN_EMPTY_BODY = YES;
				CLANG_WARN_ENUM_CONVERSION = YES;
				CLANG_WARN_INFINITE_RECURSION = YES;
				CLANG_WARN_INT_CONVERSION = YES;
				CLANG_WARN_NON_LITERAL_NULL_CONVERSION = YES;
				CLANG_WARN_OBJC_IMPLICIT_RETAIN_SELF = YES;
				CLANG_WARN_OBJC_LITERAL_CONVERSION = YES;
				CLANG_WARN_OBJC_ROOT_CLASS = YES_ERROR;
				CLANG_WARN_QUOTED_INCLUDE_IN_FRAMEWORK_HEADER = YES;
				CLANG_WARN_RANGE_LOOP_ANALYSIS = YES;
				CLANG_WARN_STRICT_PROTOTYPES = YES;
				CLANG_WARN_SUSPICIOUS_MOVE = YES;
				CLANG_WARN_UNGUARDED_AVAILABILITY = YES_AGGRESSIVE;
				CLANG_WARN_UNREACHABLE_CODE = YES;
				CLANG_WARN__DUPLICATE_METHOD_MATCH = YES;
				COPY_PHASE_STRIP = NO;
				DEBUG_INFORMATION_FORMAT = "dwarf-with-dsym";
				ENABLE_NS_ASSERTIONS = NO;
				ENABLE_STRICT_OBJC_MSGSEND = YES;
				GCC_C_LANGUAGE_STANDARD = gnu11;
				GCC_NO_COMMON_BLOCKS = YES;
				GCC_WARN_64_TO_32_BIT_CONVERSION = YES;
				GCC_WARN_ABOUT_RETURN_TYPE = YES_ERROR;
				GCC_WARN_UNDECLARED_SELECTOR = YES;
				GCC_WARN_UNINITIALIZED_AUTOS = YES_AGGRESSIVE;
				GCC_WARN_UNUSED_FUNCTION = YES;
				GCC_WARN_UNUSED_VARIABLE = YES;
				IPHONEOS_DEPLOYMENT_TARGET = 14.0;
				MTL_ENABLE_DEBUG_INFO = NO;
				MTL_FAST_MATH = YES;
				SDKROOT = iphoneos;
				SWIFT_COMPILATION_MODE = wholemodule;
				SWIFT_OPTIMIZATION_LEVEL = "-O";
				VALIDATE_PRODUCT = YES;
			};
			name = Release;
		};
		42C0D0AB25379E1700CC843F /* Debug */ = {
			isa = XCBuildConfiguration;
			baseConfigurationReference = B5892C79037DFC96474B24D6 /* Pods-TeslaHelper.debug.xcconfig */;
			buildSettings = {
				ASSETCATALOG_COMPILER_APPICON_NAME = AppIcon;
				ASSETCATALOG_COMPILER_GLOBAL_ACCENT_COLOR_NAME = AccentColor;
				CODE_SIGN_STYLE = Automatic;
				CURRENT_PROJECT_VERSION = 4;
				DEVELOPMENT_ASSET_PATHS = "\"TeslaHelper/Preview Content\"";
				DEVELOPMENT_TEAM = 5YP4T32B58;
				ENABLE_PREVIEWS = YES;
				INFOPLIST_FILE = TeslaHelper/Info.plist;
				IPHONEOS_DEPLOYMENT_TARGET = 14.0;
				LD_RUNPATH_SEARCH_PATHS = (
					"$(inherited)",
					"@executable_path/Frameworks",
				);
				PRODUCT_BUNDLE_IDENTIFIER = com.NipunSingh.TeslaHelper;
				PRODUCT_NAME = "$(TARGET_NAME)";
				SWIFT_VERSION = 5.0;
				TARGETED_DEVICE_FAMILY = 1;
			};
			name = Debug;
		};
		42C0D0AC25379E1700CC843F /* Release */ = {
			isa = XCBuildConfiguration;
			baseConfigurationReference = F91A352B523489367888FED7 /* Pods-TeslaHelper.release.xcconfig */;
			buildSettings = {
				ASSETCATALOG_COMPILER_APPICON_NAME = AppIcon;
				ASSETCATALOG_COMPILER_GLOBAL_ACCENT_COLOR_NAME = AccentColor;
				CODE_SIGN_STYLE = Automatic;
				CURRENT_PROJECT_VERSION = 4;
				DEVELOPMENT_ASSET_PATHS = "\"TeslaHelper/Preview Content\"";
				DEVELOPMENT_TEAM = 5YP4T32B58;
				ENABLE_PREVIEWS = YES;
				INFOPLIST_FILE = TeslaHelper/Info.plist;
				IPHONEOS_DEPLOYMENT_TARGET = 14.0;
				LD_RUNPATH_SEARCH_PATHS = (
					"$(inherited)",
					"@executable_path/Frameworks",
				);
				PRODUCT_BUNDLE_IDENTIFIER = com.NipunSingh.TeslaHelper;
				PRODUCT_NAME = "$(TARGET_NAME)";
				SWIFT_VERSION = 5.0;
				TARGETED_DEVICE_FAMILY = 1;
			};
			name = Release;
		};
/* End XCBuildConfiguration section */

/* Begin XCConfigurationList section */
		42C0D09125379E1300CC843F /* Build configuration list for PBXProject "TeslaHelper" */ = {
			isa = XCConfigurationList;
			buildConfigurations = (
				42C0D0A825379E1700CC843F /* Debug */,
				42C0D0A925379E1700CC843F /* Release */,
			);
			defaultConfigurationIsVisible = 0;
			defaultConfigurationName = Release;
		};
		42C0D0AA25379E1700CC843F /* Build configuration list for PBXNativeTarget "TeslaHelper" */ = {
			isa = XCConfigurationList;
			buildConfigurations = (
				42C0D0AB25379E1700CC843F /* Debug */,
				42C0D0AC25379E1700CC843F /* Release */,
			);
			defaultConfigurationIsVisible = 0;
			defaultConfigurationName = Release;
		};
/* End XCConfigurationList section */

/* Begin XCRemoteSwiftPackageReference section */
		42FE1AF4254A00CF000CBE74 /* XCRemoteSwiftPackageReference "ChartView" */ = {
			isa = XCRemoteSwiftPackageReference;
			repositoryURL = "https://github.com/AppPear/ChartView";
			requirement = {
				kind = upToNextMajorVersion;
				minimumVersion = 1.5.4;
			};
		};
/* End XCRemoteSwiftPackageReference section */

/* Begin XCSwiftPackageProductDependency section */
		42FE1AF5254A00CF000CBE74 /* SwiftUICharts */ = {
			isa = XCSwiftPackageProductDependency;
			package = 42FE1AF4254A00CF000CBE74 /* XCRemoteSwiftPackageReference "ChartView" */;
			productName = SwiftUICharts;
		};
/* End XCSwiftPackageProductDependency section */

/* Begin XCVersionGroup section */
		42FE1AE52548F95D000CBE74 /* CarDataModel.xcdatamodeld */ = {
			isa = XCVersionGroup;
			children = (
				42FE1AE62548F95D000CBE74 /* CarDataModel.xcdatamodel */,
			);
			currentVersion = 42FE1AE62548F95D000CBE74 /* CarDataModel.xcdatamodel */;
			path = CarDataModel.xcdatamodeld;
			sourceTree = "<group>";
			versionGroupType = wrapper.xcdatamodel;
		};
/* End XCVersionGroup section */
	};
	rootObject = 42C0D08E25379E1300CC843F /* Project object */;
}
